{
  "name": "eldstore-project",
  "lockfileVersion": 3,
  "requires": true,
  "packages": {
    "": {
      "dependencies": {
        "lucide-angular": "^0.474.0"
      }
    },
    "node_modules/@angular/common": {
      "version": "19.1.3",
      "resolved": "https://registry.npmjs.org/@angular/common/-/common-19.1.3.tgz",
      "integrity": "sha512-r1P0W6FKrON83szIJboF8z6UNCVL4HIxyD+nhmHMMT/iJpu4kDHVugaN/+w2jYLb4oelAJK5xzkzA+1IaHpzLg==",
      "peer": true,
      "dependencies": {
        "tslib": "^2.3.0"
      },
      "engines": {
        "node": "^18.19.1 || ^20.11.1 || >=22.0.0"
      },
      "peerDependencies": {
        "@angular/core": "19.1.3",
        "rxjs": "^6.5.3 || ^7.4.0"
      }
    },
    "node_modules/@angular/core": {
      "version": "19.1.3",
      "resolved": "https://registry.npmjs.org/@angular/core/-/core-19.1.3.tgz",
      "integrity": "sha512-Hh1eHvi+y+gsTRODiEEEWnRj5zqv9WNoou1KmQ1mv1NTOf0Pv61Hg9P2rBWDr0mPIXFSzqUKjyzW30BgdQ+AEA==",
      "peer": true,
      "dependencies": {
        "tslib": "^2.3.0"
      },
      "engines": {
        "node": "^18.19.1 || ^20.11.1 || >=22.0.0"
      },
      "peerDependencies": {
        "rxjs": "^6.5.3 || ^7.4.0",
        "zone.js": "~0.15.0"
      }
    },
    "node_modules/lucide-angular": {
      "version": "0.474.0",
      "resolved": "https://registry.npmjs.org/lucide-angular/-/lucide-angular-0.474.0.tgz",
      "integrity": "sha512-SglG2C7HRXycfhxG3AxStBoxl1W9DxyzvXlx1X2mpw8liCjejS4bE9fTb7NgQsr8++6zRjzMLXq0GyZnrVgIKw==",
      "dependencies": {
        "tslib": "^2.3.0"
      },
      "peerDependencies": {
        "@angular/common": "13.x - 19.x",
        "@angular/core": "13.x - 19.x"
      }
    },
    "node_modules/rxjs": {
      "version": "7.8.1",
      "resolved": "https://registry.npmjs.org/rxjs/-/rxjs-7.8.1.tgz",
      "integrity": "sha512-AA3TVj+0A2iuIoQkWEK/tqFjBq2j+6PO6Y0zJcvzLAFhEFIO3HL0vls9hWLncZbAAbK0mar7oZ4V079I/qPMxg==",
      "peer": true,
      "dependencies": {
        "tslib": "^2.1.0"
      }
    },
    "node_modules/tslib": {
      "version": "2.8.1",
      "resolved": "https://registry.npmjs.org/tslib/-/tslib-2.8.1.tgz",
      "integrity": "sha512-oJFu94HQb+KVduSUQL7wnpmqnfmLsOA/nAh6b6EH0wCEoK0/mPeXU6c3wKDV83MkOuHPRHtSXKKU99IBazS/2w=="
    },
    "node_modules/zone.js": {
      "version": "0.15.0",
      "resolved": "https://registry.npmjs.org/zone.js/-/zone.js-0.15.0.tgz",
      "integrity": "sha512-9oxn0IIjbCZkJ67L+LkhYWRyAy7axphb3VgE2MBDlOqnmHMPWGYMxJxBYFueFq/JGY2GMwS0rU+UCLunEmy5UA==",
      "peer": true
    }
  }
}
